{
  "requires": true,
  "lockfileVersion": 1,
  "dependencies": {
    "@types/morgan": {
      "version": "1.9.4",
      "resolved": "https://registry.npmjs.org/@types/morgan/-/morgan-1.9.4.tgz",
      "integrity": "sha512-cXoc4k+6+YAllH3ZHmx4hf7La1dzUk6keTR4bF4b4Sc0mZxU/zK4wO7l+ZzezXm/jkYj/qC+uYGZrarZdIVvyQ==",
      "dev": true,
      "requires": {
        "@types/node": "*"
      }
    },
    "@types/node": {
      "version": "18.11.18",
      "resolved": "https://registry.npmjs.org/@types/node/-/node-18.11.18.tgz",
      "integrity": "sha512-DHQpWGjyQKSHj3ebjFI/wRKcqQcdR+MoFBygntYOZytCqNfkd2ZC4ARDJ2DQqhjH5p85Nnd3jhUJIXrszFX/JA==",
      "dev": true
    }
  }
}
